
Microsoft Visual Studio Solution File, Format Version 12.00
# Visual Studio Version 16
VisualStudioVersion = 16.0.30524.135
MinimumVisualStudioVersion = 15.0.26124.0
Project("{9A19103F-16F7-4668-BE54-9A1E7A4F7556}") = "API", "API\API.csproj", "{77D82E11-794F-4E70-AA4D-F46DE99A23E1}"
EndProject
Project("{FAE04EC0-301F-11D3-BF4B-00C04F79EFBC}") = "Clientside", "Clientside\Clientside.csproj", "{92DC26B2-4CC9-4775-ABB2-7A2D235DC6ED}"
EndProject
Global
	GlobalSection(SolutionConfigurationPlatforms) = preSolution
		Debug|Any CPU = Debug|Any CPU
		Debug|x64 = Debug|x64
		Debug|x86 = Debug|x86
		Release|Any CPU = Release|Any CPU
		Release|x64 = Release|x64
		Release|x86 = Release|x86
	EndGlobalSection
	GlobalSection(ProjectConfigurationPlatforms) = postSolution
		{77D82E11-794F-4E70-AA4D-F46DE99A23E1}.Debug|Any CPU.ActiveCfg = Debug|Any CPU
		{77D82E11-794F-4E70-AA4D-F46DE99A23E1}.Debug|Any CPU.Build.0 = Debug|Any CPU
		{77D82E11-794F-4E70-AA4D-F46DE99A23E1}.Debug|x64.ActiveCfg = Debug|Any CPU
		{77D82E11-794F-4E70-AA4D-F46DE99A23E1}.Debug|x64.Build.0 = Debug|Any CPU
		{77D82E11-794F-4E70-AA4D-F46DE99A23E1}.Debug|x86.ActiveCfg = Debug|Any CPU
		{77D82E11-794F-4E70-AA4D-F46DE99A23E1}.Debug|x86.Build.0 = Debug|Any CPU
		{77D82E11-794F-4E70-AA4D-F46DE99A23E1}.Release|Any CPU.ActiveCfg = Release|Any CPU
		{77D82E11-794F-4E70-AA4D-F46DE99A23E1}.Release|Any CPU.Build.0 = Release|Any CPU
		{77D82E11-794F-4E70-AA4D-F46DE99A23E1}.Release|x64.ActiveCfg = Release|Any CPU
		{77D82E11-794F-4E70-AA4D-F46DE99A23E1}.Release|x64.Build.0 = Release|Any CPU
		{77D82E11-794F-4E70-AA4D-F46DE99A23E1}.Release|x86.ActiveCfg = Release|Any CPU
		{77D82E11-794F-4E70-AA4D-F46DE99A23E1}.Release|x86.Build.0 = Release|Any CPU
		{92DC26B2-4CC9-4775-ABB2-7A2D235DC6ED}.Debug|Any CPU.ActiveCfg = Debug|Any CPU
		{92DC26B2-4CC9-4775-ABB2-7A2D235DC6ED}.Debug|Any CPU.Build.0 = Debug|Any CPU
		{92DC26B2-4CC9-4775-ABB2-7A2D235DC6ED}.Debug|x64.ActiveCfg = Debug|Any CPU
		{92DC26B2-4CC9-4775-ABB2-7A2D235DC6ED}.Debug|x64.Build.0 = Debug|Any CPU
		{92DC26B2-4CC9-4775-ABB2-7A2D235DC6ED}.Debug|x86.ActiveCfg = Debug|Any CPU
		{92DC26B2-4CC9-4775-ABB2-7A2D235DC6ED}.Debug|x86.Build.0 = Debug|Any CPU
		{92DC26B2-4CC9-4775-ABB2-7A2D235DC6ED}.Release|Any CPU.ActiveCfg = Release|Any CPU
		{92DC26B2-4CC9-4775-ABB2-7A2D235DC6ED}.Release|Any CPU.Build.0 = Release|Any CPU
		{92DC26B2-4CC9-4775-ABB2-7A2D235DC6ED}.Release|x64.ActiveCfg = Release|Any CPU
		{92DC26B2-4CC9-4775-ABB2-7A2D235DC6ED}.Release|x64.Build.0 = Release|Any CPU
		{92DC26B2-4CC9-4775-ABB2-7A2D235DC6ED}.Release|x86.ActiveCfg = Release|Any CPU
		{92DC26B2-4CC9-4775-ABB2-7A2D235DC6ED}.Release|x86.Build.0 = Release|Any CPU
	EndGlobalSection
	GlobalSection(SolutionProperties) = preSolution
		HideSolutionNode = FALSE
	EndGlobalSection
	GlobalSection(ExtensibilityGlobals) = postSolution
		SolutionGuid = {C2D5821A-7803-4254-AFAD-B833F8BE9BD2}
	EndGlobalSection
EndGlobal
